
Microsoft Visual Studio Solution File, Format Version 12.00
# Visual Studio Version 17
VisualStudioVersion = 17.8.34525.116
MinimumVisualStudioVersion = 10.0.40219.1
Project("{FAE04EC0-301F-11D3-BF4B-00C04F79EFBC}") = "Atividade.Aula", "Atividade.Aula\Atividade.Aula.csproj", "{3D5BE7B1-C75F-41F4-8E97-82C479142D95}"
EndProject
Global
	GlobalSection(SolutionConfigurationPlatforms) = preSolution
		Debug|Any CPU = Debug|Any CPU
		Release|Any CPU = Release|Any CPU
	EndGlobalSection
	GlobalSection(ProjectConfigurationPlatforms) = postSolution
		{3D5BE7B1-C75F-41F4-8E97-82C479142D95}.Debug|Any CPU.ActiveCfg = Debug|Any CPU
		{3D5BE7B1-C75F-41F4-8E97-82C479142D95}.Debug|Any CPU.Build.0 = Debug|Any CPU
		{3D5BE7B1-C75F-41F4-8E97-82C479142D95}.Release|Any CPU.ActiveCfg = Release|Any CPU
		{3D5BE7B1-C75F-41F4-8E97-82C479142D95}.Release|Any CPU.Build.0 = Release|Any CPU
	EndGlobalSection
	GlobalSection(SolutionProperties) = preSolution
		HideSolutionNode = FALSE
	EndGlobalSection
	GlobalSection(ExtensibilityGlobals) = postSolution
		SolutionGuid = {78744BB7-E594-42EF-BBCA-BD6B73D026A7}
	EndGlobalSection
EndGlobal
